
Microsoft Visual Studio Solution File, Format Version 12.00
# Visual Studio 15
VisualStudioVersion = 15.0.28307.902
MinimumVisualStudioVersion = 10.0.40219.1
Project("{2150E333-8FDC-42A3-9474-1A3956D46DE8}") = "1-Domain", "1-Domain", "{2DF18F6C-D25F-4C3D-BBC8-6CF9324882FF}"
EndProject
Project("{2150E333-8FDC-42A3-9474-1A3956D46DE8}") = "2-Data", "2-Data", "{DE0FCFED-1927-458C-ACB0-BA76E0462AF6}"
EndProject
Project("{2150E333-8FDC-42A3-9474-1A3956D46DE8}") = "3-Web", "3-Web", "{758928CB-1BF2-4C7F-B75F-01CAB69442EB}"
EndProject
Project("{9A19103F-16F7-4668-BE54-9A1E7A4F7556}") = "Contract.Core", "Contract.Core\Contract.Core.csproj", "{FB1F7378-3A86-4748-A0C2-325037A07491}"
EndProject
Project("{9A19103F-16F7-4668-BE54-9A1E7A4F7556}") = "Contract.Data", "Contract.Data\Contract.Data.csproj", "{78326947-D7BF-41C4-9E91-4C1A39B8846F}"
EndProject
Project("{9A19103F-16F7-4668-BE54-9A1E7A4F7556}") = "Contract.API", "Contract.API\Contract.API.csproj", "{91F048F6-9849-4793-9EC4-A02DD32203C2}"
EndProject
Project("{9A19103F-16F7-4668-BE54-9A1E7A4F7556}") = "Contract.Web.Models", "Contract.Web.Models\Contract.Web.Models.csproj", "{284F8AAD-7DA8-4AC2-9AE1-3A2433B157DD}"
EndProject
Project("{2150E333-8FDC-42A3-9474-1A3956D46DE8}") = "4-Console", "4-Console", "{7BC6028E-9F68-4A70-BC8D-1BCE2860A4E1}"
EndProject
Project("{FAE04EC0-301F-11D3-BF4B-00C04F79EFBC}") = "Contract.XmlService", "Contract.XmlService\Contract.XmlService.csproj", "{4A753EC9-439D-4788-B732-1FAD1C005B2D}"
EndProject
Global
	GlobalSection(SolutionConfigurationPlatforms) = preSolution
		Debug|Any CPU = Debug|Any CPU
		Release|Any CPU = Release|Any CPU
	EndGlobalSection
	GlobalSection(ProjectConfigurationPlatforms) = postSolution
		{FB1F7378-3A86-4748-A0C2-325037A07491}.Debug|Any CPU.ActiveCfg = Debug|Any CPU
		{FB1F7378-3A86-4748-A0C2-325037A07491}.Debug|Any CPU.Build.0 = Debug|Any CPU
		{FB1F7378-3A86-4748-A0C2-325037A07491}.Release|Any CPU.ActiveCfg = Release|Any CPU
		{FB1F7378-3A86-4748-A0C2-325037A07491}.Release|Any CPU.Build.0 = Release|Any CPU
		{78326947-D7BF-41C4-9E91-4C1A39B8846F}.Debug|Any CPU.ActiveCfg = Debug|Any CPU
		{78326947-D7BF-41C4-9E91-4C1A39B8846F}.Debug|Any CPU.Build.0 = Debug|Any CPU
		{78326947-D7BF-41C4-9E91-4C1A39B8846F}.Release|Any CPU.ActiveCfg = Release|Any CPU
		{78326947-D7BF-41C4-9E91-4C1A39B8846F}.Release|Any CPU.Build.0 = Release|Any CPU
		{91F048F6-9849-4793-9EC4-A02DD32203C2}.Debug|Any CPU.ActiveCfg = Debug|Any CPU
		{91F048F6-9849-4793-9EC4-A02DD32203C2}.Debug|Any CPU.Build.0 = Debug|Any CPU
		{91F048F6-9849-4793-9EC4-A02DD32203C2}.Release|Any CPU.ActiveCfg = Release|Any CPU
		{91F048F6-9849-4793-9EC4-A02DD32203C2}.Release|Any CPU.Build.0 = Release|Any CPU
		{284F8AAD-7DA8-4AC2-9AE1-3A2433B157DD}.Debug|Any CPU.ActiveCfg = Debug|Any CPU
		{284F8AAD-7DA8-4AC2-9AE1-3A2433B157DD}.Debug|Any CPU.Build.0 = Debug|Any CPU
		{284F8AAD-7DA8-4AC2-9AE1-3A2433B157DD}.Release|Any CPU.ActiveCfg = Release|Any CPU
		{284F8AAD-7DA8-4AC2-9AE1-3A2433B157DD}.Release|Any CPU.Build.0 = Release|Any CPU
		{4A753EC9-439D-4788-B732-1FAD1C005B2D}.Debug|Any CPU.ActiveCfg = Debug|Any CPU
		{4A753EC9-439D-4788-B732-1FAD1C005B2D}.Debug|Any CPU.Build.0 = Debug|Any CPU
		{4A753EC9-439D-4788-B732-1FAD1C005B2D}.Release|Any CPU.ActiveCfg = Release|Any CPU
		{4A753EC9-439D-4788-B732-1FAD1C005B2D}.Release|Any CPU.Build.0 = Release|Any CPU
	EndGlobalSection
	GlobalSection(SolutionProperties) = preSolution
		HideSolutionNode = FALSE
	EndGlobalSection
	GlobalSection(NestedProjects) = preSolution
		{FB1F7378-3A86-4748-A0C2-325037A07491} = {2DF18F6C-D25F-4C3D-BBC8-6CF9324882FF}
		{78326947-D7BF-41C4-9E91-4C1A39B8846F} = {DE0FCFED-1927-458C-ACB0-BA76E0462AF6}
		{91F048F6-9849-4793-9EC4-A02DD32203C2} = {758928CB-1BF2-4C7F-B75F-01CAB69442EB}
		{284F8AAD-7DA8-4AC2-9AE1-3A2433B157DD} = {758928CB-1BF2-4C7F-B75F-01CAB69442EB}
		{4A753EC9-439D-4788-B732-1FAD1C005B2D} = {7BC6028E-9F68-4A70-BC8D-1BCE2860A4E1}
	EndGlobalSection
	GlobalSection(ExtensibilityGlobals) = postSolution
		SolutionGuid = {198F7FEC-DFEC-4D07-9090-4EB458FFC647}
	EndGlobalSection
EndGlobal
